
Microsoft Visual Studio Solution File, Format Version 12.00
# Visual Studio 14
VisualStudioVersion = 14.0.25420.1
MinimumVisualStudioVersion = 10.0.40219.1
Project("{FAE04EC0-301F-11D3-BF4B-00C04F79EFBC}") = "WebApplication10", "WebApplication10\WebApplication10.csproj", "{FCA3E0E0-73F9-41C4-AC44-5B45629F5F9E}"
EndProject
Global
	GlobalSection(SolutionConfigurationPlatforms) = preSolution
		Debug|Any CPU = Debug|Any CPU
		Release|Any CPU = Release|Any CPU
	EndGlobalSection
	GlobalSection(ProjectConfigurationPlatforms) = postSolution
		{FCA3E0E0-73F9-41C4-AC44-5B45629F5F9E}.Debug|Any CPU.ActiveCfg = Debug|Any CPU
		{FCA3E0E0-73F9-41C4-AC44-5B45629F5F9E}.Debug|Any CPU.Build.0 = Debug|Any CPU
		{FCA3E0E0-73F9-41C4-AC44-5B45629F5F9E}.Release|Any CPU.ActiveCfg = Release|Any CPU
		{FCA3E0E0-73F9-41C4-AC44-5B45629F5F9E}.Release|Any CPU.Build.0 = Release|Any CPU
	EndGlobalSection
	GlobalSection(SolutionProperties) = preSolution
		HideSolutionNode = FALSE
	EndGlobalSection
EndGlobal
